// !$*UTF8*$!
{
	archiveVersion = 1;
	classes = {
	};
	objectVersion = 55;
	objects = {

/* Begin PBXBuildFile section */
		FF21FB1C2703B80100708591 /* AssessmentApp.swift in Sources */ = {isa = PBXBuildFile; fileRef = FF21FB1B2703B80100708591 /* AssessmentApp.swift */; };
		FF21FB1E2703B80100708591 /* ContentView.swift in Sources */ = {isa = PBXBuildFile; fileRef = FF21FB1D2703B80100708591 /* ContentView.swift */; };
		FF21FB202703B80200708591 /* Assets.xcassets in Resources */ = {isa = PBXBuildFile; fileRef = FF21FB1F2703B80200708591 /* Assets.xcassets */; };
		FF21FB232703B80200708591 /* Preview Assets.xcassets in Resources */ = {isa = PBXBuildFile; fileRef = FF21FB222703B80200708591 /* Preview Assets.xcassets */; };
		FFCFFEB52704EF5A0091ED95 /* UserHelpView.swift in Sources */ = {isa = PBXBuildFile; fileRef = FFCFFEB42704EF5A0091ED95 /* UserHelpView.swift */; };
		FFCFFEC8270592950091ED95 /* UserView.swift in Sources */ = {isa = PBXBuildFile; fileRef = FFCFFEC7270592950091ED95 /* UserView.swift */; };
		FFCFFECA2705A4330091ED95 /* SelectedListOfUsersView.swift in Sources */ = {isa = PBXBuildFile; fileRef = FFCFFEC92705A4330091ED95 /* SelectedListOfUsersView.swift */; };
		FFE3EC3C2704DBD7004AB9CE /* APIData.swift in Sources */ = {isa = PBXBuildFile; fileRef = FFE3EC3B2704DBD7004AB9CE /* APIData.swift */; };
		FFE3EC3E2704DBF3004AB9CE /* ViewModel.swift in Sources */ = {isa = PBXBuildFile; fileRef = FFE3EC3D2704DBF3004AB9CE /* ViewModel.swift */; };
		FFE3EC402704DC71004AB9CE /* HomeScreen.swift in Sources */ = {isa = PBXBuildFile; fileRef = FFE3EC3F2704DC71004AB9CE /* HomeScreen.swift */; };
		FFE3EC422704E399004AB9CE /* UserProfile.swift in Sources */ = {isa = PBXBuildFile; fileRef = FFE3EC412704E399004AB9CE /* UserProfile.swift */; };
/* End PBXBuildFile section */

/* Begin PBXFileReference section */
		FF21FB182703B80100708591 /* Assessment.app */ = {isa = PBXFileReference; explicitFileType = wrapper.application; includeInIndex = 0; path = Assessment.app; sourceTree = BUILT_PRODUCTS_DIR; };
		FF21FB1B2703B80100708591 /* AssessmentApp.swift */ = {isa = PBXFileReference; lastKnownFileType = sourcecode.swift; path = AssessmentApp.swift; sourceTree = "<group>"; };
		FF21FB1D2703B80100708591 /* ContentView.swift */ = {isa = PBXFileReference; lastKnownFileType = sourcecode.swift; path = ContentView.swift; sourceTree = "<group>"; };
		FF21FB1F2703B80200708591 /* Assets.xcassets */ = {isa = PBXFileReference; lastKnownFileType = folder.assetcatalog; path = Assets.xcassets; sourceTree = "<group>"; };
		FF21FB222703B80200708591 /* Preview Assets.xcassets */ = {isa = PBXFileReference; lastKnownFileType = folder.assetcatalog; path = "Preview Assets.xcassets"; sourceTree = "<group>"; };
		FFCFFEB42704EF5A0091ED95 /* UserHelpView.swift */ = {isa = PBXFileReference; lastKnownFileType = sourcecode.swift; path = UserHelpView.swift; sourceTree = "<group>"; };
		FFCFFEC7270592950091ED95 /* UserView.swift */ = {isa = PBXFileReference; lastKnownFileType = sourcecode.swift; path = UserView.swift; sourceTree = "<group>"; };
		FFCFFEC92705A4330091ED95 /* SelectedListOfUsersView.swift */ = {isa = PBXFileReference; lastKnownFileType = sourcecode.swift; path = SelectedListOfUsersView.swift; sourceTree = "<group>"; };
		FFE3EC3B2704DBD7004AB9CE /* APIData.swift */ = {isa = PBXFileReference; lastKnownFileType = sourcecode.swift; path = APIData.swift; sourceTree = "<group>"; };
		FFE3EC3D2704DBF3004AB9CE /* ViewModel.swift */ = {isa = PBXFileReference; lastKnownFileType = sourcecode.swift; path = ViewModel.swift; sourceTree = "<group>"; };
		FFE3EC3F2704DC71004AB9CE /* HomeScreen.swift */ = {isa = PBXFileReference; lastKnownFileType = sourcecode.swift; path = HomeScreen.swift; sourceTree = "<group>"; };
		FFE3EC412704E399004AB9CE /* UserProfile.swift */ = {isa = PBXFileReference; lastKnownFileType = sourcecode.swift; path = UserProfile.swift; sourceTree = "<group>"; };
/* End PBXFileReference section */

/* Begin PBXFrameworksBuildPhase section */
		FF21FB152703B80100708591 /* Frameworks */ = {
			isa = PBXFrameworksBuildPhase;
			buildActionMask = 2147483647;
			files = (
			);
			runOnlyForDeploymentPostprocessing = 0;
		};
/* End PBXFrameworksBuildPhase section */

/* Begin PBXGroup section */
		FF21FB0F2703B80100708591 = {
			isa = PBXGroup;
			children = (
				FF21FB1A2703B80100708591 /* Assessment */,
				FF21FB192703B80100708591 /* Products */,
			);
			sourceTree = "<group>";
		};
		FF21FB192703B80100708591 /* Products */ = {
			isa = PBXGroup;
			children = (
				FF21FB182703B80100708591 /* Assessment.app */,
			);
			name = Products;
			sourceTree = "<group>";
		};
		FF21FB1A2703B80100708591 /* Assessment */ = {
			isa = PBXGroup;
			children = (
				FFE3EC3A2704DBA7004AB9CE /* Model */,
				FFE3EC392704DB9E004AB9CE /* ViewModel */,
				FFE3EC382704DB96004AB9CE /* View */,
				FF21FB1B2703B80100708591 /* AssessmentApp.swift */,
				FF21FB1D2703B80100708591 /* ContentView.swift */,
				FF21FB1F2703B80200708591 /* Assets.xcassets */,
				FF21FB212703B80200708591 /* Preview Content */,
			);
			path = Assessment;
			sourceTree = "<group>";
		};
		FF21FB212703B80200708591 /* Preview Content */ = {
			isa = PBXGroup;
			children = (
				FF21FB222703B80200708591 /* Preview Assets.xcassets */,
			);
			path = "Preview Content";
			sourceTree = "<group>";
		};
		FFE3EC382704DB96004AB9CE /* View */ = {
			isa = PBXGroup;
			children = (
				FFE3EC3F2704DC71004AB9CE /* HomeScreen.swift */,
				FFCFFEB42704EF5A0091ED95 /* UserHelpView.swift */,
				FFCFFEC7270592950091ED95 /* UserView.swift */,
				FFCFFEC92705A4330091ED95 /* SelectedListOfUsersView.swift */,
			);
			path = View;
			sourceTree = "<group>";
		};
		FFE3EC392704DB9E004AB9CE /* ViewModel */ = {
			isa = PBXGroup;
			children = (
				FFE3EC3D2704DBF3004AB9CE /* ViewModel.swift */,
			);
			path = ViewModel;
			sourceTree = "<group>";
		};
		FFE3EC3A2704DBA7004AB9CE /* Model */ = {
			isa = PBXGroup;
			children = (
				FFE3EC3B2704DBD7004AB9CE /* APIData.swift */,
				FFE3EC412704E399004AB9CE /* UserProfile.swift */,
			);
			path = Model;
			sourceTree = "<group>";
		};
/* End PBXGroup section */

/* Begin PBXNativeTarget section */
		FF21FB172703B80100708591 /* Assessment */ = {
			isa = PBXNativeTarget;
			buildConfigurationList = FF21FB262703B80200708591 /* Build configuration list for PBXNativeTarget "Assessment" */;
			buildPhases = (
				FF21FB142703B80100708591 /* Sources */,
				FF21FB152703B80100708591 /* Frameworks */,
				FF21FB162703B80100708591 /* Resources */,
			);
			buildRules = (
			);
			dependencies = (
			);
			name = Assessment;
			productName = Assessment;
			productReference = FF21FB182703B80100708591 /* Assessment.app */;
			productType = "com.apple.product-type.application";
		};
/* End PBXNativeTarget section */

/* Begin PBXProject section */
		FF21FB102703B80100708591 /* Project object */ = {
			isa = PBXProject;
			attributes = {
				BuildIndependentTargetsInParallel = 1;
				LastSwiftUpdateCheck = 1300;
				LastUpgradeCheck = 1300;
				TargetAttributes = {
					FF21FB172703B80100708591 = {
						CreatedOnToolsVersion = 13.0;
					};
				};
			};
			buildConfigurationList = FF21FB132703B80100708591 /* Build configuration list for PBXProject "Assessment" */;
			compatibilityVersion = "Xcode 13.0";
			developmentRegion = en;
			hasScannedForEncodings = 0;
			knownRegions = (
				en,
				Base,
			);
			mainGroup = FF21FB0F2703B80100708591;
			productRefGroup = FF21FB192703B80100708591 /* Products */;
			projectDirPath = "";
			projectRoot = "";
			targets = (
				FF21FB172703B80100708591 /* Assessment */,
			);
		};
/* End PBXProject section */

/* Begin PBXResourcesBuildPhase section */
		FF21FB162703B80100708591 /* Resources */ = {
			isa = PBXResourcesBuildPhase;
			buildActionMask = 2147483647;
			files = (
				FF21FB232703B80200708591 /* Preview Assets.xcassets in Resources */,
				FF21FB202703B80200708591 /* Assets.xcassets in Resources */,
			);
			runOnlyForDeploymentPostprocessing = 0;
		};
/* End PBXResourcesBuildPhase section */

/* Begin PBXSourcesBuildPhase section */
		FF21FB142703B80100708591 /* Sources */ = {
			isa = PBXSourcesBuildPhase;
			buildActionMask = 2147483647;
			files = (
				FFCFFEB52704EF5A0091ED95 /* UserHelpView.swift in Sources */,
				FF21FB1E2703B80100708591 /* ContentView.swift in Sources */,
				FFE3EC402704DC71004AB9CE /* HomeScreen.swift in Sources */,
				FFE3EC422704E399004AB9CE /* UserProfile.swift in Sources */,
				FFE3EC3C2704DBD7004AB9CE /* APIData.swift in Sources */,
				FFCFFEC8270592950091ED95 /* UserView.swift in Sources */,
				FFCFFECA2705A4330091ED95 /* SelectedListOfUsersView.swift in Sources */,
				FFE3EC3E2704DBF3004AB9CE /* ViewModel.swift in Sources */,
				FF21FB1C2703B80100708591 /* AssessmentApp.swift in Sources */,
			);
			runOnlyForDeploymentPostprocessing = 0;
		};
/* End PBXSourcesBuildPhase section */

/* Begin XCBuildConfiguration section */
		FF21FB242703B80200708591 /* Debug */ = {
			isa = XCBuildConfiguration;
			buildSettings = {
				ALWAYS_SEARCH_USER_PATHS = NO;
				CLANG_ANALYZER_NONNULL = YES;
				CLANG_ANALYZER_NUMBER_OBJECT_CONVERSION = YES_AGGRESSIVE;
				CLANG_CXX_LANGUAGE_STANDARD = "gnu++17";
				CLANG_CXX_LIBRARY = "libc++";
				CLANG_ENABLE_MODULES = YES;
				CLANG_ENABLE_OBJC_ARC = YES;
				CLANG_ENABLE_OBJC_WEAK = YES;
				CLANG_WARN_BLOCK_CAPTURE_AUTORELEASING = YES;
				CLANG_WARN_BOOL_CONVERSION = YES;
				CLANG_WARN_COMMA = YES;
				CLANG_WARN_CONSTANT_CONVERSION = YES;
				CLANG_WARN_DEPRECATED_OBJC_IMPLEMENTATIONS = YES;
				CLANG_WARN_DIRECT_OBJC_ISA_USAGE = YES_ERROR;
				CLANG_WARN_DOCUMENTATION_COMMENTS = YES;
				CLANG_WARN_EMPTY_BODY = YES;
				CLANG_WARN_ENUM_CONVERSION = YES;
				CLANG_WARN_INFINITE_RECURSION = YES;
				CLANG_WARN_INT_CONVERSION = YES;
				CLANG_WARN_NON_LITERAL_NULL_CONVERSION = YES;
				CLANG_WARN_OBJC_IMPLICIT_RETAIN_SELF = YES;
				CLANG_WARN_OBJC_LITERAL_CONVERSION = YES;
				CLANG_WARN_OBJC_ROOT_CLASS = YES_ERROR;
				CLANG_WARN_QUOTED_INCLUDE_IN_FRAMEWORK_HEADER = YES;
				CLANG_WARN_RANGE_LOOP_ANALYSIS = YES;
				CLANG_WARN_STRICT_PROTOTYPES = YES;
				CLANG_WARN_SUSPICIOUS_MOVE = YES;
				CLANG_WARN_UNGUARDED_AVAILABILITY = YES_AGGRESSIVE;
				CLANG_WARN_UNREACHABLE_CODE = YES;
				CLANG_WARN__DUPLICATE_METHOD_MATCH = YES;
				COPY_PHASE_STRIP = NO;
				DEBUG_INFORMATION_FORMAT = dwarf;
				ENABLE_STRICT_OBJC_MSGSEND = YES;
				ENABLE_TESTABILITY = YES;
				GCC_C_LANGUAGE_STANDARD = gnu11;
				GCC_DYNAMIC_NO_PIC = NO;
				GCC_NO_COMMON_BLOCKS = YES;
				GCC_OPTIMIZATION_LEVEL = 0;
				GCC_PREPROCESSOR_DEFINITIONS = (
					"DEBUG=1",
					"$(inherited)",
				);
				GCC_WARN_64_TO_32_BIT_CONVERSION = YES;
				GCC_WARN_ABOUT_RETURN_TYPE = YES_ERROR;
				GCC_WARN_UNDECLARED_SELECTOR = YES;
				GCC_WARN_UNINITIALIZED_AUTOS = YES_AGGRESSIVE;
				GCC_WARN_UNUSED_FUNCTION = YES;
				GCC_WARN_UNUSED_VARIABLE = YES;
				IPHONEOS_DEPLOYMENT_TARGET = 15.0;
				MTL_ENABLE_DEBUG_INFO = INCLUDE_SOURCE;
				MTL_FAST_MATH = YES;
				ONLY_ACTIVE_ARCH = YES;
				SDKROOT = iphoneos;
				SWIFT_ACTIVE_COMPILATION_CONDITIONS = DEBUG;
				SWIFT_OPTIMIZATION_LEVEL = "-Onone";
			};
			name = Debug;
		};
		FF21FB252703B80200708591 /* Release */ = {
			isa = XCBuildConfiguration;
			buildSettings = {
				ALWAYS_SEARCH_USER_PATHS = NO;
				CLANG_ANALYZER_NONNULL = YES;
				CLANG_ANALYZER_NUMBER_OBJECT_CONVERSION = YES_AGGRESSIVE;
				CLANG_CXX_LANGUAGE_STANDARD = "gnu++17";
				CLANG_CXX_LIBRARY = "libc++";
				CLANG_ENABLE_MODULES = YES;
				CLANG_ENABLE_OBJC_ARC = YES;
				CLANG_ENABLE_OBJC_WEAK = YES;
				CLANG_WARN_BLOCK_CAPTURE_AUTORELEASING = YES;
				CLANG_WARN_BOOL_CONVERSION = YES;
				CLANG_WARN_COMMA = YES;
				CLANG_WARN_CONSTANT_CONVERSION = YES;
				CLANG_WARN_DEPRECATED_OBJC_IMPLEMENTATIONS = YES;
				CLANG_WARN_DIRECT_OBJC_ISA_USAGE = YES_ERROR;
				CLANG_WARN_DOCUMENTATION_COMMENTS = YES;
				CLANG_WARN_EMPTY_BODY = YES;
				CLANG_WARN_ENUM_CONVERSION = YES;
				CLANG_WARN_INFINITE_RECURSION = YES;
				CLANG_WARN_INT_CONVERSION = YES;
				CLANG_WARN_NON_LITERAL_NULL_CONVERSION = YES;
				CLANG_WARN_OBJC_IMPLICIT_RETAIN_SELF = YES;
				CLANG_WARN_OBJC_LITERAL_CONVERSION = YES;
				CLANG_WARN_OBJC_ROOT_CLASS = YES_ERROR;
				CLANG_WARN_QUOTED_INCLUDE_IN_FRAMEWORK_HEADER = YES;
				CLANG_WARN_RANGE_LOOP_ANALYSIS = YES;
				CLANG_WARN_STRICT_PROTOTYPES = YES;
				CLANG_WARN_SUSPICIOUS_MOVE = YES;
				CLANG_WARN_UNGUARDED_AVAILABILITY = YES_AGGRESSIVE;
				CLANG_WARN_UNREACHABLE_CODE = YES;
				CLANG_WARN__DUPLICATE_METHOD_MATCH = YES;
				COPY_PHASE_STRIP = NO;
				DEBUG_INFORMATION_FORMAT = "dwarf-with-dsym";
				ENABLE_NS_ASSERTIONS = NO;
				ENABLE_STRICT_OBJC_MSGSEND = YES;
				GCC_C_LANGUAGE_STANDARD = gnu11;
				GCC_NO_COMMON_BLOCKS = YES;
				GCC_WARN_64_TO_32_BIT_CONVERSION = YES;
				GCC_WARN_ABOUT_RETURN_TYPE = YES_ERROR;
				GCC_WARN_UNDECLARED_SELECTOR = YES;
				GCC_WARN_UNINITIALIZED_AUTOS = YES_AGGRESSIVE;
				GCC_WARN_UNUSED_FUNCTION = YES;
				GCC_WARN_UNUSED_VARIABLE = YES;
				IPHONEOS_DEPLOYMENT_TARGET = 15.0;
				MTL_ENABLE_DEBUG_INFO = NO;
				MTL_FAST_MATH = YES;
				SDKROOT = iphoneos;
				SWIFT_COMPILATION_MODE = wholemodule;
				SWIFT_OPTIMIZATION_LEVEL = "-O";
				VALIDATE_PRODUCT = YES;
			};
			name = Release;
		};
		FF21FB272703B80200708591 /* Debug */ = {
			isa = XCBuildConfiguration;
			buildSettings = {
				ASSETCATALOG_COMPILER_APPICON_NAME = AppIcon;
				ASSETCATALOG_COMPILER_GLOBAL_ACCENT_COLOR_NAME = AccentColor;
				CODE_SIGN_STYLE = Automatic;
				CURRENT_PROJECT_VERSION = 1;
				DEVELOPMENT_ASSET_PATHS = "\"Assessment/Preview Content\"";
				DEVELOPMENT_TEAM = 8839J55A6U;
				ENABLE_PREVIEWS = YES;
				GENERATE_INFOPLIST_FILE = YES;
				INFOPLIST_KEY_UIApplicationSceneManifest_Generation = YES;
				INFOPLIST_KEY_UIApplicationSupportsIndirectInputEvents = YES;
				INFOPLIST_KEY_UILaunchScreen_Generation = YES;
				INFOPLIST_KEY_UISupportedInterfaceOrientations_iPad = "UIInterfaceOrientationPortrait UIInterfaceOrientationPortraitUpsideDown UIInterfaceOrientationLandscapeLeft UIInterfaceOrientationLandscapeRight";
				INFOPLIST_KEY_UISupportedInterfaceOrientations_iPhone = "UIInterfaceOrientationPortrait UIInterfaceOrientationLandscapeLeft UIInterfaceOrientationLandscapeRight";
				IPHONEOS_DEPLOYMENT_TARGET = 14.0;
				LD_RUNPATH_SEARCH_PATHS = (
					"$(inherited)",
					"@executable_path/Frameworks",
				);
				MARKETING_VERSION = 1.0;
				PRODUCT_BUNDLE_IDENTIFIER = com.assessments.Assessment;
				PRODUCT_NAME = "$(TARGET_NAME)";
				SWIFT_EMIT_LOC_STRINGS = YES;
				SWIFT_VERSION = 5.0;
				TARGETED_DEVICE_FAMILY = "1,2";
			};
			name = Debug;
		};
		FF21FB282703B80200708591 /* Release */ = {
			isa = XCBuildConfiguration;
			buildSettings = {
				ASSETCATALOG_COMPILER_APPICON_NAME = AppIcon;
				ASSETCATALOG_COMPILER_GLOBAL_ACCENT_COLOR_NAME = AccentColor;
				CODE_SIGN_STYLE = Automatic;
				CURRENT_PROJECT_VERSION = 1;
				DEVELOPMENT_ASSET_PATHS = "\"Assessment/Preview Content\"";
				DEVELOPMENT_TEAM = 8839J55A6U;
				ENABLE_PREVIEWS = YES;
				GENERATE_INFOPLIST_FILE = YES;
				INFOPLIST_KEY_UIApplicationSceneManifest_Generation = YES;
				INFOPLIST_KEY_UIApplicationSupportsIndirectInputEvents = YES;
				INFOPLIST_KEY_UILaunchScreen_Generation = YES;
				INFOPLIST_KEY_UISupportedInterfaceOrientations_iPad = "UIInterfaceOrientationPortrait UIInterfaceOrientationPortraitUpsideDown UIInterfaceOrientationLandscapeLeft UIInterfaceOrientationLandscapeRight";
				INFOPLIST_KEY_UISupportedInterfaceOrientations_iPhone = "UIInterfaceOrientationPortrait UIInterfaceOrientationLandscapeLeft UIInterfaceOrientationLandscapeRight";
				IPHONEOS_DEPLOYMENT_TARGET = 14.0;
				LD_RUNPATH_SEARCH_PATHS = (
					"$(inherited)",
					"@executable_path/Frameworks",
				);
				MARKETING_VERSION = 1.0;
				PRODUCT_BUNDLE_IDENTIFIER = com.assessments.Assessment;
				PRODUCT_NAME = "$(TARGET_NAME)";
				SWIFT_EMIT_LOC_STRINGS = YES;
				SWIFT_VERSION = 5.0;
				TARGETED_DEVICE_FAMILY = "1,2";
			};
			name = Release;
		};
/* End XCBuildConfiguration section */

/* Begin XCConfigurationList section */
		FF21FB132703B80100708591 /* Build configuration list for PBXProject "Assessment" */ = {
			isa = XCConfigurationList;
			buildConfigurations = (
				FF21FB242703B80200708591 /* Debug */,
				FF21FB252703B80200708591 /* Release */,
			);
			defaultConfigurationIsVisible = 0;
			defaultConfigurationName = Release;
		};
		FF21FB262703B80200708591 /* Build configuration list for PBXNativeTarget "Assessment" */ = {
			isa = XCConfigurationList;
			buildConfigurations = (
				FF21FB272703B80200708591 /* Debug */,
				FF21FB282703B80200708591 /* Release */,
			);
			defaultConfigurationIsVisible = 0;
			defaultConfigurationName = Release;
		};
/* End XCConfigurationList section */
	};
	rootObject = FF21FB102703B80100708591 /* Project object */;
}
